// !$*UTF8*$!
{
	archiveVersion = 1;
	classes = {
	};
	objectVersion = 46;
	objects = {

/* Begin PBXBuildFile section */
		37C178F216BE3BE1002AC9BC /* UIKit.framework in Frameworks */ = {isa = PBXBuildFile; fileRef = 37C178F116BE3BE0002AC9BC /* UIKit.framework */; };
		37C178F416BE3BE1002AC9BC /* Foundation.framework in Frameworks */ = {isa = PBXBuildFile; fileRef = 37C178F316BE3BE1002AC9BC /* Foundation.framework */; };
		37C178F616BE3BE1002AC9BC /* CoreGraphics.framework in Frameworks */ = {isa = PBXBuildFile; fileRef = 37C178F516BE3BE1002AC9BC /* CoreGraphics.framework */; };
		37C178FC16BE3BE1002AC9BC /* InfoPlist.strings in Resources */ = {isa = PBXBuildFile; fileRef = 37C178FA16BE3BE1002AC9BC /* InfoPlist.strings */; };
		37C178FE16BE3BE1002AC9BC /* main.m in Sources */ = {isa = PBXBuildFile; fileRef = 37C178FD16BE3BE1002AC9BC /* main.m */; };
		37C1790216BE3BE1002AC9BC /* AppDelegate.m in Sources */ = {isa = PBXBuildFile; fileRef = 37C1790116BE3BE1002AC9BC /* AppDelegate.m */; };
		37C1790416BE3BE1002AC9BC /* Default.png in Resources */ = {isa = PBXBuildFile; fileRef = 37C1790316BE3BE1002AC9BC /* Default.png */; };
		37C1790616BE3BE1002AC9BC /* Default@2x.png in Resources */ = {isa = PBXBuildFile; fileRef = 37C1790516BE3BE1002AC9BC /* Default@2x.png */; };
		37C1790816BE3BE1002AC9BC /* Default-568h@2x.png in Resources */ = {isa = PBXBuildFile; fileRef = 37C1790716BE3BE1002AC9BC /* Default-568h@2x.png */; };
		37C1790B16BE3BE1002AC9BC /* MainStoryboard.storyboard in Resources */ = {isa = PBXBuildFile; fileRef = 37C1790916BE3BE1002AC9BC /* MainStoryboard.storyboard */; };
		37C1790E16BE3BE1002AC9BC /* ViewController.m in Sources */ = {isa = PBXBuildFile; fileRef = 37C1790D16BE3BE1002AC9BC /* ViewController.m */; };
/* End PBXBuildFile section */

/* Begin PBXFileReference section */
		37C178ED16BE3BE0002AC9BC /* DemoUsingGitHub1.app */ = {isa = PBXFileReference; explicitFileType = wrapper.application; includeInIndex = 0; path = DemoUsingGitHub1.app; sourceTree = BUILT_PRODUCTS_DIR; };
		37C178F116BE3BE0002AC9BC /* UIKit.framework */ = {isa = PBXFileReference; lastKnownFileType = wrapper.framework; name = UIKit.framework; path = System/Library/Frameworks/UIKit.framework; sourceTree = SDKROOT; };
		37C178F316BE3BE1002AC9BC /* Foundation.framework */ = {isa = PBXFileReference; lastKnownFileType = wrapper.framework; name = Foundation.framework; path = System/Library/Frameworks/Foundation.framework; sourceTree = SDKROOT; };
		37C178F516BE3BE1002AC9BC /* CoreGraphics.framework */ = {isa = PBXFileReference; lastKnownFileType = wrapper.framework; name = CoreGraphics.framework; path = System/Library/Frameworks/CoreGraphics.framework; sourceTree = SDKROOT; };
		37C178F916BE3BE1002AC9BC /* DemoUsingGitHub1-Info.plist */ = {isa = PBXFileReference; lastKnownFileType = text.plist.xml; path = "DemoUsingGitHub1-Info.plist"; sourceTree = "<group>"; };
		37C178FB16BE3BE1002AC9BC /* en */ = {isa = PBXFileReference; lastKnownFileType = text.plist.strings; name = en; path = en.lproj/InfoPlist.strings; sourceTree = "<group>"; };
		37C178FD16BE3BE1002AC9BC /* main.m */ = {isa = PBXFileReference; lastKnownFileType = sourcecode.c.objc; path = main.m; sourceTree = "<group>"; };
		37C178FF16BE3BE1002AC9BC /* DemoUsingGitHub1-Prefix.pch */ = {isa = PBXFileReference; lastKnownFileType = sourcecode.c.h; path = "DemoUsingGitHub1-Prefix.pch"; sourceTree = "<group>"; };
		37C1790016BE3BE1002AC9BC /* AppDelegate.h */ = {isa = PBXFileReference; lastKnownFileType = sourcecode.c.h; path = AppDelegate.h; sourceTree = "<group>"; };
		37C1790116BE3BE1002AC9BC /* AppDelegate.m */ = {isa = PBXFileReference; lastKnownFileType = sourcecode.c.objc; path = AppDelegate.m; sourceTree = "<group>"; };
		37C1790316BE3BE1002AC9BC /* Default.png */ = {isa = PBXFileReference; lastKnownFileType = image.png; path = Default.png; sourceTree = "<group>"; };
		37C1790516BE3BE1002AC9BC /* Default@2x.png */ = {isa = PBXFileReference; lastKnownFileType = image.png; path = "Default@2x.png"; sourceTree = "<group>"; };
		37C1790716BE3BE1002AC9BC /* Default-568h@2x.png */ = {isa = PBXFileReference; lastKnownFileType = image.png; path = "Default-568h@2x.png"; sourceTree = "<group>"; };
		37C1790A16BE3BE1002AC9BC /* en */ = {isa = PBXFileReference; lastKnownFileType = file.storyboard; name = en; path = en.lproj/MainStoryboard.storyboard; sourceTree = "<group>"; };
		37C1790C16BE3BE1002AC9BC /* ViewController.h */ = {isa = PBXFileReference; lastKnownFileType = sourcecode.c.h; path = ViewController.h; sourceTree = "<group>"; };
		37C1790D16BE3BE1002AC9BC /* ViewController.m */ = {isa = PBXFileReference; lastKnownFileType = sourcecode.c.objc; path = ViewController.m; sourceTree = "<group>"; };
/* End PBXFileReference section */

/* Begin PBXFrameworksBuildPhase section */
		37C178EA16BE3BE0002AC9BC /* Frameworks */ = {
			isa = PBXFrameworksBuildPhase;
			buildActionMask = 2147483647;
			files = (
				37C178F216BE3BE1002AC9BC /* UIKit.framework in Frameworks */,
				37C178F416BE3BE1002AC9BC /* Foundation.framework in Frameworks */,
				37C178F616BE3BE1002AC9BC /* CoreGraphics.framework in Frameworks */,
			);
			runOnlyForDeploymentPostprocessing = 0;
		};
/* End PBXFrameworksBuildPhase section */

/* Begin PBXGroup section */
		37C178E216BE3BE0002AC9BC = {
			isa = PBXGroup;
			children = (
				37C178F716BE3BE1002AC9BC /* DemoUsingGitHub1 */,
				37C178F016BE3BE0002AC9BC /* Frameworks */,
				37C178EE16BE3BE0002AC9BC /* Products */,
			);
			sourceTree = "<group>";
		};
		37C178EE16BE3BE0002AC9BC /* Products */ = {
			isa = PBXGroup;
			children = (
				37C178ED16BE3BE0002AC9BC /* DemoUsingGitHub1.app */,
			);
			name = Products;
			sourceTree = "<group>";
		};
		37C178F016BE3BE0002AC9BC /* Frameworks */ = {
			isa = PBXGroup;
			children = (
				37C178F116BE3BE0002AC9BC /* UIKit.framework */,
				37C178F316BE3BE1002AC9BC /* Foundation.framework */,
				37C178F516BE3BE1002AC9BC /* CoreGraphics.framework */,
			);
			name = Frameworks;
			sourceTree = "<group>";
		};
		37C178F716BE3BE1002AC9BC /* DemoUsingGitHub1 */ = {
			isa = PBXGroup;
			children = (
				37C1790016BE3BE1002AC9BC /* AppDelegate.h */,
				37C1790116BE3BE1002AC9BC /* AppDelegate.m */,
				37C1790916BE3BE1002AC9BC /* MainStoryboard.storyboard */,
				37C1790C16BE3BE1002AC9BC /* ViewController.h */,
				37C1790D16BE3BE1002AC9BC /* ViewController.m */,
				37C178F816BE3BE1002AC9BC /* Supporting Files */,
			);
			path = DemoUsingGitHub1;
			sourceTree = "<group>";
		};
		37C178F816BE3BE1002AC9BC /* Supporting Files */ = {
			isa = PBXGroup;
			children = (
				37C178F916BE3BE1002AC9BC /* DemoUsingGitHub1-Info.plist */,
				37C178FA16BE3BE1002AC9BC /* InfoPlist.strings */,
				37C178FD16BE3BE1002AC9BC /* main.m */,
				37C178FF16BE3BE1002AC9BC /* DemoUsingGitHub1-Prefix.pch */,
				37C1790316BE3BE1002AC9BC /* Default.png */,
				37C1790516BE3BE1002AC9BC /* Default@2x.png */,
				37C1790716BE3BE1002AC9BC /* Default-568h@2x.png */,
			);
			name = "Supporting Files";
			sourceTree = "<group>";
		};
/* End PBXGroup section */

/* Begin PBXNativeTarget section */
		37C178EC16BE3BE0002AC9BC /* DemoUsingGitHub1 */ = {
			isa = PBXNativeTarget;
			buildConfigurationList = 37C1791116BE3BE1002AC9BC /* Build configuration list for PBXNativeTarget "DemoUsingGitHub1" */;
			buildPhases = (
				37C178E916BE3BE0002AC9BC /* Sources */,
				37C178EA16BE3BE0002AC9BC /* Frameworks */,
				37C178EB16BE3BE0002AC9BC /* Resources */,
			);
			buildRules = (
			);
			dependencies = (
			);
			name = DemoUsingGitHub1;
			productName = DemoUsingGitHub1;
			productReference = 37C178ED16BE3BE0002AC9BC /* DemoUsingGitHub1.app */;
			productType = "com.apple.product-type.application";
		};
/* End PBXNativeTarget section */

/* Begin PBXProject section */
		37C178E416BE3BE0002AC9BC /* Project object */ = {
			isa = PBXProject;
			attributes = {
				LastUpgradeCheck = 0450;
				ORGANIZATIONNAME = "Onzondev Innovation Co., Ltd.";
			};
			buildConfigurationList = 37C178E716BE3BE0002AC9BC /* Build configuration list for PBXProject "DemoUsingGitHub1" */;
			compatibilityVersion = "Xcode 3.2";
			developmentRegion = English;
			hasScannedForEncodings = 0;
			knownRegions = (
				en,
			);
			mainGroup = 37C178E216BE3BE0002AC9BC;
			productRefGroup = 37C178EE16BE3BE0002AC9BC /* Products */;
			projectDirPath = "";
			projectRoot = "";
			targets = (
				37C178EC16BE3BE0002AC9BC /* DemoUsingGitHub1 */,
			);
		};
/* End PBXProject section */

/* Begin PBXResourcesBuildPhase section */
		37C178EB16BE3BE0002AC9BC /* Resources */ = {
			isa = PBXResourcesBuildPhase;
			buildActionMask = 2147483647;
			files = (
				37C178FC16BE3BE1002AC9BC /* InfoPlist.strings in Resources */,
				37C1790416BE3BE1002AC9BC /* Default.png in Resources */,
				37C1790616BE3BE1002AC9BC /* Default@2x.png in Resources */,
				37C1790816BE3BE1002AC9BC /* Default-568h@2x.png in Resources */,
				37C1790B16BE3BE1002AC9BC /* MainStoryboard.storyboard in Resources */,
			);
			runOnlyForDeploymentPostprocessing = 0;
		};
/* End PBXResourcesBuildPhase section */

/* Begin PBXSourcesBuildPhase section */
		37C178E916BE3BE0002AC9BC /* Sources */ = {
			isa = PBXSourcesBuildPhase;
			buildActionMask = 2147483647;
			files = (
				37C178FE16BE3BE1002AC9BC /* main.m in Sources */,
				37C1790216BE3BE1002AC9BC /* AppDelegate.m in Sources */,
				37C1790E16BE3BE1002AC9BC /* ViewController.m in Sources */,
			);
			runOnlyForDeploymentPostprocessing = 0;
		};
/* End PBXSourcesBuildPhase section */

/* Begin PBXVariantGroup section */
		37C178FA16BE3BE1002AC9BC /* InfoPlist.strings */ = {
			isa = PBXVariantGroup;
			children = (
				37C178FB16BE3BE1002AC9BC /* en */,
			);
			name = InfoPlist.strings;
			sourceTree = "<group>";
		};
		37C1790916BE3BE1002AC9BC /* MainStoryboard.storyboard */ = {
			isa = PBXVariantGroup;
			children = (
				37C1790A16BE3BE1002AC9BC /* en */,
			);
			name = MainStoryboard.storyboard;
			sourceTree = "<group>";
		};
/* End PBXVariantGroup section */

/* Begin XCBuildConfiguration section */
		37C1790F16BE3BE1002AC9BC /* Debug */ = {
			isa = XCBuildConfiguration;
			buildSettings = {
				ALWAYS_SEARCH_USER_PATHS = NO;
				CLANG_CXX_LANGUAGE_STANDARD = "gnu++0x";
				CLANG_CXX_LIBRARY = "libc++";
				CLANG_ENABLE_OBJC_ARC = YES;
				CLANG_WARN_EMPTY_BODY = YES;
				CLANG_WARN__DUPLICATE_METHOD_MATCH = YES;
				"CODE_SIGN_IDENTITY[sdk=iphoneos*]" = "iPhone Developer";
				COPY_PHASE_STRIP = NO;
				GCC_C_LANGUAGE_STANDARD = gnu99;
				GCC_DYNAMIC_NO_PIC = NO;
				GCC_OPTIMIZATION_LEVEL = 0;
				GCC_PREPROCESSOR_DEFINITIONS = (
					"DEBUG=1",
					"$(inherited)",
				);
				GCC_SYMBOLS_PRIVATE_EXTERN = NO;
				GCC_WARN_ABOUT_RETURN_TYPE = YES;
				GCC_WARN_UNINITIALIZED_AUTOS = YES;
				GCC_WARN_UNUSED_VARIABLE = YES;
				IPHONEOS_DEPLOYMENT_TARGET = 6.0;
				ONLY_ACTIVE_ARCH = YES;
				SDKROOT = iphoneos;
			};
			name = Debug;
		};
		37C1791016BE3BE1002AC9BC /* Release */ = {
			isa = XCBuildConfiguration;
			buildSettings = {
				ALWAYS_SEARCH_USER_PATHS = NO;
				CLANG_CXX_LANGUAGE_STANDARD = "gnu++0x";
				CLANG_CXX_LIBRARY = "libc++";
				CLANG_ENABLE_OBJC_ARC = YES;
				CLANG_WARN_EMPTY_BODY = YES;
				CLANG_WARN__DUPLICATE_METHOD_MATCH = YES;
				"CODE_SIGN_IDENTITY[sdk=iphoneos*]" = "iPhone Developer";
				COPY_PHASE_STRIP = YES;
				GCC_C_LANGUAGE_STANDARD = gnu99;
				GCC_WARN_ABOUT_RETURN_TYPE = YES;
				GCC_WARN_UNINITIALIZED_AUTOS = YES;
				GCC_WARN_UNUSED_VARIABLE = YES;
				IPHONEOS_DEPLOYMENT_TARGET = 6.0;
				OTHER_CFLAGS = "-DNS_BLOCK_ASSERTIONS=1";
				SDKROOT = iphoneos;
				VALIDATE_PRODUCT = YES;
			};
			name = Release;
		};
		37C1791216BE3BE1002AC9BC /* Debug */ = {
			isa = XCBuildConfiguration;
			buildSettings = {
				GCC_PRECOMPILE_PREFIX_HEADER = YES;
				GCC_PREFIX_HEADER = "DemoUsingGitHub1/DemoUsingGitHub1-Prefix.pch";
				INFOPLIST_FILE = "DemoUsingGitHub1/DemoUsingGitHub1-Info.plist";
				PRODUCT_NAME = "$(TARGET_NAME)";
				WRAPPER_EXTENSION = app;
			};
			name = Debug;
		};
		37C1791316BE3BE1002AC9BC /* Release */ = {
			isa = XCBuildConfiguration;
			buildSettings = {
				GCC_PRECOMPILE_PREFIX_HEADER = YES;
				GCC_PREFIX_HEADER = "DemoUsingGitHub1/DemoUsingGitHub1-Prefix.pch";
				INFOPLIST_FILE = "DemoUsingGitHub1/DemoUsingGitHub1-Info.plist";
				PRODUCT_NAME = "$(TARGET_NAME)";
				WRAPPER_EXTENSION = app;
			};
			name = Release;
		};
/* End XCBuildConfiguration section */

/* Begin XCConfigurationList section */
		37C178E716BE3BE0002AC9BC /* Build configuration list for PBXProject "DemoUsingGitHub1" */ = {
			isa = XCConfigurationList;
			buildConfigurations = (
				37C1790F16BE3BE1002AC9BC /* Debug */,
				37C1791016BE3BE1002AC9BC /* Release */,
			);
			defaultConfigurationIsVisible = 0;
			defaultConfigurationName = Release;
		};
		37C1791116BE3BE1002AC9BC /* Build configuration list for PBXNativeTarget "DemoUsingGitHub1" */ = {
			isa = XCConfigurationList;
			buildConfigurations = (
				37C1791216BE3BE1002AC9BC /* Debug */,
				37C1791316BE3BE1002AC9BC /* Release */,
			);
			defaultConfigurationIsVisible = 0;
		};
/* End XCConfigurationList section */
	};
	rootObject = 37C178E416BE3BE0002AC9BC /* Project object */;
}
